
Microsoft Visual Studio Solution File, Format Version 12.00
# Visual Studio Version 16
VisualStudioVersion = 16.0.29201.188
MinimumVisualStudioVersion = 10.0.40219.1
Project("{FAE04EC0-301F-11D3-BF4B-00C04F79EFBC}") = "BallHogs", "BallHogs\BallHogs.csproj", "{70CDFE72-7ABD-4448-BBF5-946C8BD5FF9F}"
EndProject
Global
	GlobalSection(SolutionConfigurationPlatforms) = preSolution
		Debug|Any CPU = Debug|Any CPU
		Release|Any CPU = Release|Any CPU
	EndGlobalSection
	GlobalSection(ProjectConfigurationPlatforms) = postSolution
		{70CDFE72-7ABD-4448-BBF5-946C8BD5FF9F}.Debug|Any CPU.ActiveCfg = Debug|Any CPU
		{70CDFE72-7ABD-4448-BBF5-946C8BD5FF9F}.Debug|Any CPU.Build.0 = Debug|Any CPU
		{70CDFE72-7ABD-4448-BBF5-946C8BD5FF9F}.Release|Any CPU.ActiveCfg = Release|Any CPU
		{70CDFE72-7ABD-4448-BBF5-946C8BD5FF9F}.Release|Any CPU.Build.0 = Release|Any CPU
	EndGlobalSection
	GlobalSection(SolutionProperties) = preSolution
		HideSolutionNode = FALSE
	EndGlobalSection
	GlobalSection(ExtensibilityGlobals) = postSolution
		SolutionGuid = {ECD1EBF1-8186-4E0A-A6D4-9B13BB81DC58}
	EndGlobalSection
EndGlobal
